
Microsoft Visual Studio Solution File, Format Version 12.00
# Visual Studio Version 17
VisualStudioVersion = 17.5.2.0
MinimumVisualStudioVersion = 10.0.40219.1
Project("{FAE04EC0-301F-11D3-BF4B-00C04F79EFBC}") = "ITAMS.Api", "ITAMS.Api\ITAMS.Api.csproj", "{136967EA-EAAA-C2CF-FF7F-0BDADD60D307}"
EndProject
Project("{FAE04EC0-301F-11D3-BF4B-00C04F79EFBC}") = "ITAMS.Api.Tests", "ITAMS.Api.Tests\ITAMS.Api.Tests.csproj", "{2AB0A7D9-8E56-4D8F-9E19-4BF530AA6B94}"
EndProject
Project("{2150E333-8FDC-42A3-9474-1A3956D46DE8}") = "frontend", "frontend", "{CE609670-85B9-0D16-FB54-ED063D5D8A6D}"
EndProject
Project("{FAE04EC0-301F-11D3-BF4B-00C04F79EFBC}") = "ITAMS.Client", "frontend\ITAMS.Client\ITAMS.Client.csproj", "{8A09E6CC-2292-4A3C-B326-87DD007C58B5}"
EndProject
Global
	GlobalSection(SolutionConfigurationPlatforms) = preSolution
		Debug|Any CPU = Debug|Any CPU
		Debug|x64 = Debug|x64
		Debug|x86 = Debug|x86
		Release|Any CPU = Release|Any CPU
		Release|x64 = Release|x64
		Release|x86 = Release|x86
	EndGlobalSection
	GlobalSection(ProjectConfigurationPlatforms) = postSolution
		{136967EA-EAAA-C2CF-FF7F-0BDADD60D307}.Debug|Any CPU.ActiveCfg = Debug|Any CPU
		{136967EA-EAAA-C2CF-FF7F-0BDADD60D307}.Debug|Any CPU.Build.0 = Debug|Any CPU
		{136967EA-EAAA-C2CF-FF7F-0BDADD60D307}.Debug|x64.ActiveCfg = Debug|Any CPU
		{136967EA-EAAA-C2CF-FF7F-0BDADD60D307}.Debug|x64.Build.0 = Debug|Any CPU
		{136967EA-EAAA-C2CF-FF7F-0BDADD60D307}.Debug|x86.ActiveCfg = Debug|Any CPU
		{136967EA-EAAA-C2CF-FF7F-0BDADD60D307}.Debug|x86.Build.0 = Debug|Any CPU
		{136967EA-EAAA-C2CF-FF7F-0BDADD60D307}.Release|Any CPU.ActiveCfg = Release|Any CPU
		{136967EA-EAAA-C2CF-FF7F-0BDADD60D307}.Release|Any CPU.Build.0 = Release|Any CPU
		{136967EA-EAAA-C2CF-FF7F-0BDADD60D307}.Release|x64.ActiveCfg = Release|Any CPU
		{136967EA-EAAA-C2CF-FF7F-0BDADD60D307}.Release|x64.Build.0 = Release|Any CPU
		{136967EA-EAAA-C2CF-FF7F-0BDADD60D307}.Release|x86.ActiveCfg = Release|Any CPU
		{136967EA-EAAA-C2CF-FF7F-0BDADD60D307}.Release|x86.Build.0 = Release|Any CPU
		{2AB0A7D9-8E56-4D8F-9E19-4BF530AA6B94}.Debug|Any CPU.ActiveCfg = Debug|Any CPU
		{2AB0A7D9-8E56-4D8F-9E19-4BF530AA6B94}.Debug|Any CPU.Build.0 = Debug|Any CPU
		{2AB0A7D9-8E56-4D8F-9E19-4BF530AA6B94}.Debug|x64.ActiveCfg = Debug|Any CPU
		{2AB0A7D9-8E56-4D8F-9E19-4BF530AA6B94}.Debug|x64.Build.0 = Debug|Any CPU
		{2AB0A7D9-8E56-4D8F-9E19-4BF530AA6B94}.Debug|x86.ActiveCfg = Debug|Any CPU
		{2AB0A7D9-8E56-4D8F-9E19-4BF530AA6B94}.Debug|x86.Build.0 = Debug|Any CPU
		{2AB0A7D9-8E56-4D8F-9E19-4BF530AA6B94}.Release|Any CPU.ActiveCfg = Release|Any CPU
		{2AB0A7D9-8E56-4D8F-9E19-4BF530AA6B94}.Release|Any CPU.Build.0 = Release|Any CPU
		{2AB0A7D9-8E56-4D8F-9E19-4BF530AA6B94}.Release|x64.ActiveCfg = Release|Any CPU
		{2AB0A7D9-8E56-4D8F-9E19-4BF530AA6B94}.Release|x64.Build.0 = Release|Any CPU
		{2AB0A7D9-8E56-4D8F-9E19-4BF530AA6B94}.Release|x86.ActiveCfg = Release|Any CPU
		{2AB0A7D9-8E56-4D8F-9E19-4BF530AA6B94}.Release|x86.Build.0 = Release|Any CPU
		{8A09E6CC-2292-4A3C-B326-87DD007C58B5}.Debug|Any CPU.ActiveCfg = Debug|Any CPU
		{8A09E6CC-2292-4A3C-B326-87DD007C58B5}.Debug|Any CPU.Build.0 = Debug|Any CPU
		{8A09E6CC-2292-4A3C-B326-87DD007C58B5}.Debug|x64.ActiveCfg = Debug|Any CPU
		{8A09E6CC-2292-4A3C-B326-87DD007C58B5}.Debug|x64.Build.0 = Debug|Any CPU
		{8A09E6CC-2292-4A3C-B326-87DD007C58B5}.Debug|x86.ActiveCfg = Debug|Any CPU
		{8A09E6CC-2292-4A3C-B326-87DD007C58B5}.Debug|x86.Build.0 = Debug|Any CPU
		{8A09E6CC-2292-4A3C-B326-87DD007C58B5}.Release|Any CPU.ActiveCfg = Release|Any CPU
		{8A09E6CC-2292-4A3C-B326-87DD007C58B5}.Release|Any CPU.Build.0 = Release|Any CPU
		{8A09E6CC-2292-4A3C-B326-87DD007C58B5}.Release|x64.ActiveCfg = Release|Any CPU
		{8A09E6CC-2292-4A3C-B326-87DD007C58B5}.Release|x64.Build.0 = Release|Any CPU
		{8A09E6CC-2292-4A3C-B326-87DD007C58B5}.Release|x86.ActiveCfg = Release|Any CPU
		{8A09E6CC-2292-4A3C-B326-87DD007C58B5}.Release|x86.Build.0 = Release|Any CPU
	EndGlobalSection
	GlobalSection(SolutionProperties) = preSolution
		HideSolutionNode = FALSE
	EndGlobalSection
	GlobalSection(NestedProjects) = preSolution
		{8A09E6CC-2292-4A3C-B326-87DD007C58B5} = {CE609670-85B9-0D16-FB54-ED063D5D8A6D}
	EndGlobalSection
	GlobalSection(ExtensibilityGlobals) = postSolution
		SolutionGuid = {77B9C6AA-0464-44D0-913A-6D49178D11C2}
	EndGlobalSection
EndGlobal
